
Microsoft Visual Studio Solution File, Format Version 11.00
# Visual Studio 2010
Project("{FAE04EC0-301F-11D3-BF4B-00C04F79EFBC}") = "GEXFSharp", "GEXF\GEXFSharp\GEXFSharp.csproj", "{2EA36174-FB21-474F-A8EB-33C7039B65DA}"
EndProject
Project("{FAE04EC0-301F-11D3-BF4B-00C04F79EFBC}") = "Walkyr", "Walkyr\Walkyr.csproj", "{A3507C2E-1A82-4342-BD42-F544275D6959}"
EndProject
Project("{2150E333-8FDC-42A3-9474-1A3956D46DE8}") = "Depenencies", "Depenencies", "{5B1C5DF7-1F26-41C2-B0F1-2CE9C8F86B01}"
EndProject
Project("{2150E333-8FDC-42A3-9474-1A3956D46DE8}") = "Graphs", "Graphs", "{227BAD97-BF45-4CF7-91A4-1ACAE33F915B}"
EndProject
Project("{FAE04EC0-301F-11D3-BF4B-00C04F79EFBC}") = "Blueprints", "Vanaheimr\Blueprints.NET\Blueprints\Blueprints.csproj", "{47FA1E7C-8C47-493D-A371-91A15D53BC95}"
EndProject
Project("{FAE04EC0-301F-11D3-BF4B-00C04F79EFBC}") = "PropertyGraphs", "Vanaheimr\Blueprints.NET\PropertyGraphs\PropertyGraphs.csproj", "{562AC94F-60EA-4911-8C62-684F02867783}"
EndProject
Project("{FAE04EC0-301F-11D3-BF4B-00C04F79EFBC}") = "Commons", "Vanaheimr\Illias\Commons\Commons.csproj", "{16C85DF8-5DE6-4A9F-9FC7-7CA5B0440DF3}"
EndProject
Project("{FAE04EC0-301F-11D3-BF4B-00C04F79EFBC}") = "Styx", "Vanaheimr\Styx\Styx\Styx.csproj", "{3949790D-8591-4101-9E4D-CE7A758E7409}"
EndProject
Project("{2150E333-8FDC-42A3-9474-1A3956D46DE8}") = "UnitTests", "UnitTests", "{37B13030-D878-4444-93A3-2442277FBD68}"
EndProject
Project("{FAE04EC0-301F-11D3-BF4B-00C04F79EFBC}") = "StyxTests", "Vanaheimr\Styx\StyxTests\StyxTests.csproj", "{6F2452F5-BF16-4577-9C5A-85C8D7B5289D}"
EndProject
Project("{FAE04EC0-301F-11D3-BF4B-00C04F79EFBC}") = "CommonsTests", "Vanaheimr\Illias\CommonsTests\CommonsTests.csproj", "{02A5F706-A9AC-46BE-A428-EA6F990D8E21}"
EndProject
Project("{FAE04EC0-301F-11D3-BF4B-00C04F79EFBC}") = "WalkyrTests", "WalkyrTests\WalkyrTests.csproj", "{C79B7F98-D2F7-4BFD-B4E0-CDC2012CCDD1}"
EndProject
Project("{FAE04EC0-301F-11D3-BF4B-00C04F79EFBC}") = "BlueprintsTests", "Vanaheimr\Blueprints.NET\BlueprintsTests\BlueprintsTests.csproj", "{7F4CE297-4A42-47A8-9A0A-74BA46B09891}"
EndProject
Project("{FAE04EC0-301F-11D3-BF4B-00C04F79EFBC}") = "GraphML", "GraphML\GraphML\GraphML.csproj", "{0E75BD4B-22A3-444D-8DA0-39FD33012C61}"
EndProject
Project("{FAE04EC0-301F-11D3-BF4B-00C04F79EFBC}") = "dotGraph", "dotGraph\dotGraph\dotGraph.csproj", "{5C83EB83-7252-4CCF-AF69-034362CAB79B}"
EndProject
Project("{FAE04EC0-301F-11D3-BF4B-00C04F79EFBC}") = "GML", "GML\GML\GML.csproj", "{2E583D11-21F9-4C94-96E9-58359C99FEF6}"
EndProject
Project("{FAE04EC0-301F-11D3-BF4B-00C04F79EFBC}") = "DGML", "DGML\DGML\DGML.csproj", "{E5D51211-1C75-4272-B0E7-114B1776C00E}"
EndProject
Project("{FAE04EC0-301F-11D3-BF4B-00C04F79EFBC}") = "DGS", "DGS\DGS\DGS.csproj", "{67ECD6DC-B28B-44B9-9745-C356F37FEC0E}"
EndProject
Project("{FAE04EC0-301F-11D3-BF4B-00C04F79EFBC}") = "GephiStreaming", "GephiStreaming\GephiStreaming\GephiStreaming.csproj", "{F8316DF2-1C9E-4C5B-99D3-D1366CE8FAAC}"
EndProject
Project("{FAE04EC0-301F-11D3-BF4B-00C04F79EFBC}") = "GraphSON", "GraphSON\GraphSON\GraphSON.csproj", "{1AD92031-8B3A-4BED-81EB-8A92B3B3D033}"
EndProject
Project("{2150E333-8FDC-42A3-9474-1A3956D46DE8}") = "Dependencies", "Dependencies", "{DE379EA9-D5BF-4750-88EF-F165A3CFC61B}"
EndProject
Project("{FAE04EC0-301F-11D3-BF4B-00C04F79EFBC}") = "Eunomia", "Vanaheimr\Eunomia\Eunomia\Eunomia.csproj", "{1DF1A588-33B1-4168-9487-604FE5680681}"
EndProject
Project("{2150E333-8FDC-42A3-9474-1A3956D46DE8}") = "GEXF", "GEXF", "{99DF88D5-038E-482C-A852-FBCE17C9C44F}"
EndProject
Project("{2150E333-8FDC-42A3-9474-1A3956D46DE8}") = "Graphs", "Graphs", "{90409C3E-5B1F-43E1-A23E-F8729C095057}"
EndProject
Project("{2150E333-8FDC-42A3-9474-1A3956D46DE8}") = "GraphML", "GraphML", "{A05A4A40-626A-4BE4-8C08-45119D5A4FF2}"
EndProject
Project("{2150E333-8FDC-42A3-9474-1A3956D46DE8}") = "GraphSON", "GraphSON", "{00CD2124-47A4-448F-AE5F-5E5BA872AEF8}"
EndProject
Project("{2150E333-8FDC-42A3-9474-1A3956D46DE8}") = "GML", "GML", "{3C243356-802B-42A0-BC48-0741E829C864}"
EndProject
Project("{2150E333-8FDC-42A3-9474-1A3956D46DE8}") = "GephiStreaming", "GephiStreaming", "{7DEB4848-5BAE-463F-AA82-D0115E891F7E}"
EndProject
Project("{2150E333-8FDC-42A3-9474-1A3956D46DE8}") = "dotGraph", "dotGraph", "{B22686D7-CADD-4660-84D4-05E1E5C0F240}"
EndProject
Project("{2150E333-8FDC-42A3-9474-1A3956D46DE8}") = "DGS", "DGS", "{AEAA9923-2DAF-4B7C-BD01-C205DC304C67}"
EndProject
Project("{2150E333-8FDC-42A3-9474-1A3956D46DE8}") = "DGML", "DGML", "{DB167996-7841-4EB1-BA5C-09F59BCDE680}"
EndProject
Project("{FAE04EC0-301F-11D3-BF4B-00C04F79EFBC}") = "GEXFTests", "GEXF\GEXFTests\GEXFTests.csproj", "{6679ECB9-6D8E-4195-827B-AFA73D763D85}"
EndProject
Project("{2150E333-8FDC-42A3-9474-1A3956D46DE8}") = "GraphFileFormats", "GraphFileFormats", "{AAC4CDBE-D412-4795-A275-A09CEFC240FA}"
EndProject
Project("{2150E333-8FDC-42A3-9474-1A3956D46DE8}") = "N3", "N3", "{999F075D-5B9A-49B6-961A-2414A24BD16F}"
EndProject
Project("{FAE04EC0-301F-11D3-BF4B-00C04F79EFBC}") = "N3", "N3\N3.csproj", "{D807CAC3-EF54-4D6F-886E-04BDE4DA0D78}"
EndProject
Global
	GlobalSection(SolutionConfigurationPlatforms) = preSolution
		Debug|Any CPU = Debug|Any CPU
		Debug|Mixed Platforms = Debug|Mixed Platforms
		Debug|x86 = Debug|x86
		Release|Any CPU = Release|Any CPU
		Release|Mixed Platforms = Release|Mixed Platforms
		Release|x86 = Release|x86
	EndGlobalSection
	GlobalSection(ProjectConfigurationPlatforms) = postSolution
		{2EA36174-FB21-474F-A8EB-33C7039B65DA}.Debug|Any CPU.ActiveCfg = Debug|Any CPU
		{2EA36174-FB21-474F-A8EB-33C7039B65DA}.Debug|Any CPU.Build.0 = Debug|Any CPU
		{2EA36174-FB21-474F-A8EB-33C7039B65DA}.Debug|Mixed Platforms.ActiveCfg = Debug|Any CPU
		{2EA36174-FB21-474F-A8EB-33C7039B65DA}.Debug|Mixed Platforms.Build.0 = Debug|Any CPU
		{2EA36174-FB21-474F-A8EB-33C7039B65DA}.Debug|x86.ActiveCfg = Debug|Any CPU
		{2EA36174-FB21-474F-A8EB-33C7039B65DA}.Release|Any CPU.ActiveCfg = Release|Any CPU
		{2EA36174-FB21-474F-A8EB-33C7039B65DA}.Release|Any CPU.Build.0 = Release|Any CPU
		{2EA36174-FB21-474F-A8EB-33C7039B65DA}.Release|Mixed Platforms.ActiveCfg = Release|Any CPU
		{2EA36174-FB21-474F-A8EB-33C7039B65DA}.Release|Mixed Platforms.Build.0 = Release|Any CPU
		{2EA36174-FB21-474F-A8EB-33C7039B65DA}.Release|x86.ActiveCfg = Release|Any CPU
		{A3507C2E-1A82-4342-BD42-F544275D6959}.Debug|Any CPU.ActiveCfg = Debug|Any CPU
		{A3507C2E-1A82-4342-BD42-F544275D6959}.Debug|Any CPU.Build.0 = Debug|Any CPU
		{A3507C2E-1A82-4342-BD42-F544275D6959}.Debug|Mixed Platforms.ActiveCfg = Debug|Any CPU
		{A3507C2E-1A82-4342-BD42-F544275D6959}.Debug|Mixed Platforms.Build.0 = Debug|Any CPU
		{A3507C2E-1A82-4342-BD42-F544275D6959}.Debug|x86.ActiveCfg = Debug|Any CPU
		{A3507C2E-1A82-4342-BD42-F544275D6959}.Release|Any CPU.ActiveCfg = Release|Any CPU
		{A3507C2E-1A82-4342-BD42-F544275D6959}.Release|Any CPU.Build.0 = Release|Any CPU
		{A3507C2E-1A82-4342-BD42-F544275D6959}.Release|Mixed Platforms.ActiveCfg = Release|Any CPU
		{A3507C2E-1A82-4342-BD42-F544275D6959}.Release|Mixed Platforms.Build.0 = Release|Any CPU
		{A3507C2E-1A82-4342-BD42-F544275D6959}.Release|x86.ActiveCfg = Release|Any CPU
		{47FA1E7C-8C47-493D-A371-91A15D53BC95}.Debug|Any CPU.ActiveCfg = Debug|Any CPU
		{47FA1E7C-8C47-493D-A371-91A15D53BC95}.Debug|Any CPU.Build.0 = Debug|Any CPU
		{47FA1E7C-8C47-493D-A371-91A15D53BC95}.Debug|Mixed Platforms.ActiveCfg = Debug|Any CPU
		{47FA1E7C-8C47-493D-A371-91A15D53BC95}.Debug|Mixed Platforms.Build.0 = Debug|Any CPU
		{47FA1E7C-8C47-493D-A371-91A15D53BC95}.Debug|x86.ActiveCfg = Debug|Any CPU
		{47FA1E7C-8C47-493D-A371-91A15D53BC95}.Release|Any CPU.ActiveCfg = Release|Any CPU
		{47FA1E7C-8C47-493D-A371-91A15D53BC95}.Release|Any CPU.Build.0 = Release|Any CPU
		{47FA1E7C-8C47-493D-A371-91A15D53BC95}.Release|Mixed Platforms.ActiveCfg = Release|Any CPU
		{47FA1E7C-8C47-493D-A371-91A15D53BC95}.Release|Mixed Platforms.Build.0 = Release|Any CPU
		{47FA1E7C-8C47-493D-A371-91A15D53BC95}.Release|x86.ActiveCfg = Release|Any CPU
		{562AC94F-60EA-4911-8C62-684F02867783}.Debug|Any CPU.ActiveCfg = Debug|Any CPU
		{562AC94F-60EA-4911-8C62-684F02867783}.Debug|Any CPU.Build.0 = Debug|Any CPU
		{562AC94F-60EA-4911-8C62-684F02867783}.Debug|Mixed Platforms.ActiveCfg = Debug|Any CPU
		{562AC94F-60EA-4911-8C62-684F02867783}.Debug|Mixed Platforms.Build.0 = Debug|Any CPU
		{562AC94F-60EA-4911-8C62-684F02867783}.Debug|x86.ActiveCfg = Debug|Any CPU
		{562AC94F-60EA-4911-8C62-684F02867783}.Release|Any CPU.ActiveCfg = Release|Any CPU
		{562AC94F-60EA-4911-8C62-684F02867783}.Release|Any CPU.Build.0 = Release|Any CPU
		{562AC94F-60EA-4911-8C62-684F02867783}.Release|Mixed Platforms.ActiveCfg = Release|Any CPU
		{562AC94F-60EA-4911-8C62-684F02867783}.Release|Mixed Platforms.Build.0 = Release|Any CPU
		{562AC94F-60EA-4911-8C62-684F02867783}.Release|x86.ActiveCfg = Release|Any CPU
		{16C85DF8-5DE6-4A9F-9FC7-7CA5B0440DF3}.Debug|Any CPU.ActiveCfg = Debug|Any CPU
		{16C85DF8-5DE6-4A9F-9FC7-7CA5B0440DF3}.Debug|Any CPU.Build.0 = Debug|Any CPU
		{16C85DF8-5DE6-4A9F-9FC7-7CA5B0440DF3}.Debug|Mixed Platforms.ActiveCfg = Debug|Any CPU
		{16C85DF8-5DE6-4A9F-9FC7-7CA5B0440DF3}.Debug|Mixed Platforms.Build.0 = Debug|Any CPU
		{16C85DF8-5DE6-4A9F-9FC7-7CA5B0440DF3}.Debug|x86.ActiveCfg = Debug|Any CPU
		{16C85DF8-5DE6-4A9F-9FC7-7CA5B0440DF3}.Release|Any CPU.ActiveCfg = Release|Any CPU
		{16C85DF8-5DE6-4A9F-9FC7-7CA5B0440DF3}.Release|Any CPU.Build.0 = Release|Any CPU
		{16C85DF8-5DE6-4A9F-9FC7-7CA5B0440DF3}.Release|Mixed Platforms.ActiveCfg = Release|Any CPU
		{16C85DF8-5DE6-4A9F-9FC7-7CA5B0440DF3}.Release|Mixed Platforms.Build.0 = Release|Any CPU
		{16C85DF8-5DE6-4A9F-9FC7-7CA5B0440DF3}.Release|x86.ActiveCfg = Release|Any CPU
		{3949790D-8591-4101-9E4D-CE7A758E7409}.Debug|Any CPU.ActiveCfg = Debug|Any CPU
		{3949790D-8591-4101-9E4D-CE7A758E7409}.Debug|Any CPU.Build.0 = Debug|Any CPU
		{3949790D-8591-4101-9E4D-CE7A758E7409}.Debug|Mixed Platforms.ActiveCfg = Debug|Any CPU
		{3949790D-8591-4101-9E4D-CE7A758E7409}.Debug|Mixed Platforms.Build.0 = Debug|Any CPU
		{3949790D-8591-4101-9E4D-CE7A758E7409}.Debug|x86.ActiveCfg = Debug|Any CPU
		{3949790D-8591-4101-9E4D-CE7A758E7409}.Release|Any CPU.ActiveCfg = Release|Any CPU
		{3949790D-8591-4101-9E4D-CE7A758E7409}.Release|Any CPU.Build.0 = Release|Any CPU
		{3949790D-8591-4101-9E4D-CE7A758E7409}.Release|Mixed Platforms.ActiveCfg = Release|Any CPU
		{3949790D-8591-4101-9E4D-CE7A758E7409}.Release|Mixed Platforms.Build.0 = Release|Any CPU
		{3949790D-8591-4101-9E4D-CE7A758E7409}.Release|x86.ActiveCfg = Release|Any CPU
		{6F2452F5-BF16-4577-9C5A-85C8D7B5289D}.Debug|Any CPU.ActiveCfg = Debug|Any CPU
		{6F2452F5-BF16-4577-9C5A-85C8D7B5289D}.Debug|Any CPU.Build.0 = Debug|Any CPU
		{6F2452F5-BF16-4577-9C5A-85C8D7B5289D}.Debug|Mixed Platforms.ActiveCfg = Debug|Any CPU
		{6F2452F5-BF16-4577-9C5A-85C8D7B5289D}.Debug|Mixed Platforms.Build.0 = Debug|Any CPU
		{6F2452F5-BF16-4577-9C5A-85C8D7B5289D}.Debug|x86.ActiveCfg = Debug|Any CPU
		{6F2452F5-BF16-4577-9C5A-85C8D7B5289D}.Release|Any CPU.ActiveCfg = Release|Any CPU
		{6F2452F5-BF16-4577-9C5A-85C8D7B5289D}.Release|Any CPU.Build.0 = Release|Any CPU
		{6F2452F5-BF16-4577-9C5A-85C8D7B5289D}.Release|Mixed Platforms.ActiveCfg = Release|Any CPU
		{6F2452F5-BF16-4577-9C5A-85C8D7B5289D}.Release|Mixed Platforms.Build.0 = Release|Any CPU
		{6F2452F5-BF16-4577-9C5A-85C8D7B5289D}.Release|x86.ActiveCfg = Release|Any CPU
		{02A5F706-A9AC-46BE-A428-EA6F990D8E21}.Debug|Any CPU.ActiveCfg = Debug|Any CPU
		{02A5F706-A9AC-46BE-A428-EA6F990D8E21}.Debug|Any CPU.Build.0 = Debug|Any CPU
		{02A5F706-A9AC-46BE-A428-EA6F990D8E21}.Debug|Mixed Platforms.ActiveCfg = Debug|Any CPU
		{02A5F706-A9AC-46BE-A428-EA6F990D8E21}.Debug|Mixed Platforms.Build.0 = Debug|Any CPU
		{02A5F706-A9AC-46BE-A428-EA6F990D8E21}.Debug|x86.ActiveCfg = Debug|Any CPU
		{02A5F706-A9AC-46BE-A428-EA6F990D8E21}.Release|Any CPU.ActiveCfg = Release|Any CPU
		{02A5F706-A9AC-46BE-A428-EA6F990D8E21}.Release|Any CPU.Build.0 = Release|Any CPU
		{02A5F706-A9AC-46BE-A428-EA6F990D8E21}.Release|Mixed Platforms.ActiveCfg = Release|Any CPU
		{02A5F706-A9AC-46BE-A428-EA6F990D8E21}.Release|Mixed Platforms.Build.0 = Release|Any CPU
		{02A5F706-A9AC-46BE-A428-EA6F990D8E21}.Release|x86.ActiveCfg = Release|Any CPU
		{C79B7F98-D2F7-4BFD-B4E0-CDC2012CCDD1}.Debug|Any CPU.ActiveCfg = Debug|Any CPU
		{C79B7F98-D2F7-4BFD-B4E0-CDC2012CCDD1}.Debug|Any CPU.Build.0 = Debug|Any CPU
		{C79B7F98-D2F7-4BFD-B4E0-CDC2012CCDD1}.Debug|Mixed Platforms.ActiveCfg = Debug|Any CPU
		{C79B7F98-D2F7-4BFD-B4E0-CDC2012CCDD1}.Debug|Mixed Platforms.Build.0 = Debug|Any CPU
		{C79B7F98-D2F7-4BFD-B4E0-CDC2012CCDD1}.Debug|x86.ActiveCfg = Debug|Any CPU
		{C79B7F98-D2F7-4BFD-B4E0-CDC2012CCDD1}.Release|Any CPU.ActiveCfg = Release|Any CPU
		{C79B7F98-D2F7-4BFD-B4E0-CDC2012CCDD1}.Release|Any CPU.Build.0 = Release|Any CPU
		{C79B7F98-D2F7-4BFD-B4E0-CDC2012CCDD1}.Release|Mixed Platforms.ActiveCfg = Release|Any CPU
		{C79B7F98-D2F7-4BFD-B4E0-CDC2012CCDD1}.Release|Mixed Platforms.Build.0 = Release|Any CPU
		{C79B7F98-D2F7-4BFD-B4E0-CDC2012CCDD1}.Release|x86.ActiveCfg = Release|Any CPU
		{7F4CE297-4A42-47A8-9A0A-74BA46B09891}.Debug|Any CPU.ActiveCfg = Debug|Any CPU
		{7F4CE297-4A42-47A8-9A0A-74BA46B09891}.Debug|Any CPU.Build.0 = Debug|Any CPU
		{7F4CE297-4A42-47A8-9A0A-74BA46B09891}.Debug|Mixed Platforms.ActiveCfg = Debug|Any CPU
		{7F4CE297-4A42-47A8-9A0A-74BA46B09891}.Debug|Mixed Platforms.Build.0 = Debug|Any CPU
		{7F4CE297-4A42-47A8-9A0A-74BA46B09891}.Debug|x86.ActiveCfg = Debug|Any CPU
		{7F4CE297-4A42-47A8-9A0A-74BA46B09891}.Release|Any CPU.ActiveCfg = Release|Any CPU
		{7F4CE297-4A42-47A8-9A0A-74BA46B09891}.Release|Any CPU.Build.0 = Release|Any CPU
		{7F4CE297-4A42-47A8-9A0A-74BA46B09891}.Release|Mixed Platforms.ActiveCfg = Release|Any CPU
		{7F4CE297-4A42-47A8-9A0A-74BA46B09891}.Release|Mixed Platforms.Build.0 = Release|Any CPU
		{7F4CE297-4A42-47A8-9A0A-74BA46B09891}.Release|x86.ActiveCfg = Release|Any CPU
		{0E75BD4B-22A3-444D-8DA0-39FD33012C61}.Debug|Any CPU.ActiveCfg = Debug|Any CPU
		{0E75BD4B-22A3-444D-8DA0-39FD33012C61}.Debug|Any CPU.Build.0 = Debug|Any CPU
		{0E75BD4B-22A3-444D-8DA0-39FD33012C61}.Debug|Mixed Platforms.ActiveCfg = Debug|Any CPU
		{0E75BD4B-22A3-444D-8DA0-39FD33012C61}.Debug|Mixed Platforms.Build.0 = Debug|Any CPU
		{0E75BD4B-22A3-444D-8DA0-39FD33012C61}.Debug|x86.ActiveCfg = Debug|Any CPU
		{0E75BD4B-22A3-444D-8DA0-39FD33012C61}.Release|Any CPU.ActiveCfg = Release|Any CPU
		{0E75BD4B-22A3-444D-8DA0-39FD33012C61}.Release|Any CPU.Build.0 = Release|Any CPU
		{0E75BD4B-22A3-444D-8DA0-39FD33012C61}.Release|Mixed Platforms.ActiveCfg = Release|Any CPU
		{0E75BD4B-22A3-444D-8DA0-39FD33012C61}.Release|Mixed Platforms.Build.0 = Release|Any CPU
		{0E75BD4B-22A3-444D-8DA0-39FD33012C61}.Release|x86.ActiveCfg = Release|Any CPU
		{5C83EB83-7252-4CCF-AF69-034362CAB79B}.Debug|Any CPU.ActiveCfg = Debug|Any CPU
		{5C83EB83-7252-4CCF-AF69-034362CAB79B}.Debug|Any CPU.Build.0 = Debug|Any CPU
		{5C83EB83-7252-4CCF-AF69-034362CAB79B}.Debug|Mixed Platforms.ActiveCfg = Debug|Any CPU
		{5C83EB83-7252-4CCF-AF69-034362CAB79B}.Debug|Mixed Platforms.Build.0 = Debug|Any CPU
		{5C83EB83-7252-4CCF-AF69-034362CAB79B}.Debug|x86.ActiveCfg = Debug|Any CPU
		{5C83EB83-7252-4CCF-AF69-034362CAB79B}.Release|Any CPU.ActiveCfg = Release|Any CPU
		{5C83EB83-7252-4CCF-AF69-034362CAB79B}.Release|Any CPU.Build.0 = Release|Any CPU
		{5C83EB83-7252-4CCF-AF69-034362CAB79B}.Release|Mixed Platforms.ActiveCfg = Release|Any CPU
		{5C83EB83-7252-4CCF-AF69-034362CAB79B}.Release|Mixed Platforms.Build.0 = Release|Any CPU
		{5C83EB83-7252-4CCF-AF69-034362CAB79B}.Release|x86.ActiveCfg = Release|Any CPU
		{2E583D11-21F9-4C94-96E9-58359C99FEF6}.Debug|Any CPU.ActiveCfg = Debug|Any CPU
		{2E583D11-21F9-4C94-96E9-58359C99FEF6}.Debug|Any CPU.Build.0 = Debug|Any CPU
		{2E583D11-21F9-4C94-96E9-58359C99FEF6}.Debug|Mixed Platforms.ActiveCfg = Debug|Any CPU
		{2E583D11-21F9-4C94-96E9-58359C99FEF6}.Debug|Mixed Platforms.Build.0 = Debug|Any CPU
		{2E583D11-21F9-4C94-96E9-58359C99FEF6}.Debug|x86.ActiveCfg = Debug|Any CPU
		{2E583D11-21F9-4C94-96E9-58359C99FEF6}.Release|Any CPU.ActiveCfg = Release|Any CPU
		{2E583D11-21F9-4C94-96E9-58359C99FEF6}.Release|Any CPU.Build.0 = Release|Any CPU
		{2E583D11-21F9-4C94-96E9-58359C99FEF6}.Release|Mixed Platforms.ActiveCfg = Release|Any CPU
		{2E583D11-21F9-4C94-96E9-58359C99FEF6}.Release|Mixed Platforms.Build.0 = Release|Any CPU
		{2E583D11-21F9-4C94-96E9-58359C99FEF6}.Release|x86.ActiveCfg = Release|Any CPU
		{E5D51211-1C75-4272-B0E7-114B1776C00E}.Debug|Any CPU.ActiveCfg = Debug|Any CPU
		{E5D51211-1C75-4272-B0E7-114B1776C00E}.Debug|Any CPU.Build.0 = Debug|Any CPU
		{E5D51211-1C75-4272-B0E7-114B1776C00E}.Debug|Mixed Platforms.ActiveCfg = Debug|Any CPU
		{E5D51211-1C75-4272-B0E7-114B1776C00E}.Debug|Mixed Platforms.Build.0 = Debug|Any CPU
		{E5D51211-1C75-4272-B0E7-114B1776C00E}.Debug|x86.ActiveCfg = Debug|Any CPU
		{E5D51211-1C75-4272-B0E7-114B1776C00E}.Release|Any CPU.ActiveCfg = Release|Any CPU
		{E5D51211-1C75-4272-B0E7-114B1776C00E}.Release|Any CPU.Build.0 = Release|Any CPU
		{E5D51211-1C75-4272-B0E7-114B1776C00E}.Release|Mixed Platforms.ActiveCfg = Release|Any CPU
		{E5D51211-1C75-4272-B0E7-114B1776C00E}.Release|Mixed Platforms.Build.0 = Release|Any CPU
		{E5D51211-1C75-4272-B0E7-114B1776C00E}.Release|x86.ActiveCfg = Release|Any CPU
		{67ECD6DC-B28B-44B9-9745-C356F37FEC0E}.Debug|Any CPU.ActiveCfg = Debug|Any CPU
		{67ECD6DC-B28B-44B9-9745-C356F37FEC0E}.Debug|Any CPU.Build.0 = Debug|Any CPU
		{67ECD6DC-B28B-44B9-9745-C356F37FEC0E}.Debug|Mixed Platforms.ActiveCfg = Debug|Any CPU
		{67ECD6DC-B28B-44B9-9745-C356F37FEC0E}.Debug|Mixed Platforms.Build.0 = Debug|Any CPU
		{67ECD6DC-B28B-44B9-9745-C356F37FEC0E}.Debug|x86.ActiveCfg = Debug|Any CPU
		{67ECD6DC-B28B-44B9-9745-C356F37FEC0E}.Release|Any CPU.ActiveCfg = Release|Any CPU
		{67ECD6DC-B28B-44B9-9745-C356F37FEC0E}.Release|Any CPU.Build.0 = Release|Any CPU
		{67ECD6DC-B28B-44B9-9745-C356F37FEC0E}.Release|Mixed Platforms.ActiveCfg = Release|Any CPU
		{67ECD6DC-B28B-44B9-9745-C356F37FEC0E}.Release|Mixed Platforms.Build.0 = Release|Any CPU
		{67ECD6DC-B28B-44B9-9745-C356F37FEC0E}.Release|x86.ActiveCfg = Release|Any CPU
		{F8316DF2-1C9E-4C5B-99D3-D1366CE8FAAC}.Debug|Any CPU.ActiveCfg = Debug|Any CPU
		{F8316DF2-1C9E-4C5B-99D3-D1366CE8FAAC}.Debug|Any CPU.Build.0 = Debug|Any CPU
		{F8316DF2-1C9E-4C5B-99D3-D1366CE8FAAC}.Debug|Mixed Platforms.ActiveCfg = Debug|Any CPU
		{F8316DF2-1C9E-4C5B-99D3-D1366CE8FAAC}.Debug|Mixed Platforms.Build.0 = Debug|Any CPU
		{F8316DF2-1C9E-4C5B-99D3-D1366CE8FAAC}.Debug|x86.ActiveCfg = Debug|Any CPU
		{F8316DF2-1C9E-4C5B-99D3-D1366CE8FAAC}.Release|Any CPU.ActiveCfg = Release|Any CPU
		{F8316DF2-1C9E-4C5B-99D3-D1366CE8FAAC}.Release|Any CPU.Build.0 = Release|Any CPU
		{F8316DF2-1C9E-4C5B-99D3-D1366CE8FAAC}.Release|Mixed Platforms.ActiveCfg = Release|Any CPU
		{F8316DF2-1C9E-4C5B-99D3-D1366CE8FAAC}.Release|Mixed Platforms.Build.0 = Release|Any CPU
		{F8316DF2-1C9E-4C5B-99D3-D1366CE8FAAC}.Release|x86.ActiveCfg = Release|Any CPU
		{1AD92031-8B3A-4BED-81EB-8A92B3B3D033}.Debug|Any CPU.ActiveCfg = Debug|Any CPU
		{1AD92031-8B3A-4BED-81EB-8A92B3B3D033}.Debug|Any CPU.Build.0 = Debug|Any CPU
		{1AD92031-8B3A-4BED-81EB-8A92B3B3D033}.Debug|Mixed Platforms.ActiveCfg = Debug|Any CPU
		{1AD92031-8B3A-4BED-81EB-8A92B3B3D033}.Debug|Mixed Platforms.Build.0 = Debug|Any CPU
		{1AD92031-8B3A-4BED-81EB-8A92B3B3D033}.Debug|x86.ActiveCfg = Debug|Any CPU
		{1AD92031-8B3A-4BED-81EB-8A92B3B3D033}.Release|Any CPU.ActiveCfg = Release|Any CPU
		{1AD92031-8B3A-4BED-81EB-8A92B3B3D033}.Release|Any CPU.Build.0 = Release|Any CPU
		{1AD92031-8B3A-4BED-81EB-8A92B3B3D033}.Release|Mixed Platforms.ActiveCfg = Release|Any CPU
		{1AD92031-8B3A-4BED-81EB-8A92B3B3D033}.Release|Mixed Platforms.Build.0 = Release|Any CPU
		{1AD92031-8B3A-4BED-81EB-8A92B3B3D033}.Release|x86.ActiveCfg = Release|Any CPU
		{1DF1A588-33B1-4168-9487-604FE5680681}.Debug|Any CPU.ActiveCfg = Debug|Any CPU
		{1DF1A588-33B1-4168-9487-604FE5680681}.Debug|Any CPU.Build.0 = Debug|Any CPU
		{1DF1A588-33B1-4168-9487-604FE5680681}.Debug|Mixed Platforms.ActiveCfg = Debug|Any CPU
		{1DF1A588-33B1-4168-9487-604FE5680681}.Debug|Mixed Platforms.Build.0 = Debug|Any CPU
		{1DF1A588-33B1-4168-9487-604FE5680681}.Debug|x86.ActiveCfg = Debug|Any CPU
		{1DF1A588-33B1-4168-9487-604FE5680681}.Release|Any CPU.ActiveCfg = Release|Any CPU
		{1DF1A588-33B1-4168-9487-604FE5680681}.Release|Any CPU.Build.0 = Release|Any CPU
		{1DF1A588-33B1-4168-9487-604FE5680681}.Release|Mixed Platforms.ActiveCfg = Release|Any CPU
		{1DF1A588-33B1-4168-9487-604FE5680681}.Release|Mixed Platforms.Build.0 = Release|Any CPU
		{1DF1A588-33B1-4168-9487-604FE5680681}.Release|x86.ActiveCfg = Release|Any CPU
		{6679ECB9-6D8E-4195-827B-AFA73D763D85}.Debug|Any CPU.ActiveCfg = Debug|Any CPU
		{6679ECB9-6D8E-4195-827B-AFA73D763D85}.Debug|Any CPU.Build.0 = Debug|Any CPU
		{6679ECB9-6D8E-4195-827B-AFA73D763D85}.Debug|Mixed Platforms.ActiveCfg = Debug|Any CPU
		{6679ECB9-6D8E-4195-827B-AFA73D763D85}.Debug|Mixed Platforms.Build.0 = Debug|Any CPU
		{6679ECB9-6D8E-4195-827B-AFA73D763D85}.Debug|x86.ActiveCfg = Debug|Any CPU
		{6679ECB9-6D8E-4195-827B-AFA73D763D85}.Release|Any CPU.ActiveCfg = Release|Any CPU
		{6679ECB9-6D8E-4195-827B-AFA73D763D85}.Release|Any CPU.Build.0 = Release|Any CPU
		{6679ECB9-6D8E-4195-827B-AFA73D763D85}.Release|Mixed Platforms.ActiveCfg = Release|Any CPU
		{6679ECB9-6D8E-4195-827B-AFA73D763D85}.Release|Mixed Platforms.Build.0 = Release|Any CPU
		{6679ECB9-6D8E-4195-827B-AFA73D763D85}.Release|x86.ActiveCfg = Release|Any CPU
		{D807CAC3-EF54-4D6F-886E-04BDE4DA0D78}.Debug|Any CPU.ActiveCfg = Debug|Any CPU
		{D807CAC3-EF54-4D6F-886E-04BDE4DA0D78}.Debug|Any CPU.Build.0 = Debug|Any CPU
		{D807CAC3-EF54-4D6F-886E-04BDE4DA0D78}.Debug|Mixed Platforms.ActiveCfg = Debug|Any CPU
		{D807CAC3-EF54-4D6F-886E-04BDE4DA0D78}.Debug|Mixed Platforms.Build.0 = Debug|Any CPU
		{D807CAC3-EF54-4D6F-886E-04BDE4DA0D78}.Debug|x86.ActiveCfg = Debug|Any CPU
		{D807CAC3-EF54-4D6F-886E-04BDE4DA0D78}.Release|Any CPU.ActiveCfg = Release|Any CPU
		{D807CAC3-EF54-4D6F-886E-04BDE4DA0D78}.Release|Any CPU.Build.0 = Release|Any CPU
		{D807CAC3-EF54-4D6F-886E-04BDE4DA0D78}.Release|Mixed Platforms.ActiveCfg = Release|Any CPU
		{D807CAC3-EF54-4D6F-886E-04BDE4DA0D78}.Release|Mixed Platforms.Build.0 = Release|Any CPU
		{D807CAC3-EF54-4D6F-886E-04BDE4DA0D78}.Release|x86.ActiveCfg = Release|Any CPU
	EndGlobalSection
	GlobalSection(SolutionProperties) = preSolution
		HideSolutionNode = FALSE
	EndGlobalSection
	GlobalSection(NestedProjects) = preSolution
		{A05A4A40-626A-4BE4-8C08-45119D5A4FF2} = {AAC4CDBE-D412-4795-A275-A09CEFC240FA}
		{B22686D7-CADD-4660-84D4-05E1E5C0F240} = {AAC4CDBE-D412-4795-A275-A09CEFC240FA}
		{3C243356-802B-42A0-BC48-0741E829C864} = {AAC4CDBE-D412-4795-A275-A09CEFC240FA}
		{DB167996-7841-4EB1-BA5C-09F59BCDE680} = {AAC4CDBE-D412-4795-A275-A09CEFC240FA}
		{AEAA9923-2DAF-4B7C-BD01-C205DC304C67} = {AAC4CDBE-D412-4795-A275-A09CEFC240FA}
		{7DEB4848-5BAE-463F-AA82-D0115E891F7E} = {AAC4CDBE-D412-4795-A275-A09CEFC240FA}
		{00CD2124-47A4-448F-AE5F-5E5BA872AEF8} = {AAC4CDBE-D412-4795-A275-A09CEFC240FA}
		{99DF88D5-038E-482C-A852-FBCE17C9C44F} = {AAC4CDBE-D412-4795-A275-A09CEFC240FA}
		{999F075D-5B9A-49B6-961A-2414A24BD16F} = {AAC4CDBE-D412-4795-A275-A09CEFC240FA}
		{227BAD97-BF45-4CF7-91A4-1ACAE33F915B} = {5B1C5DF7-1F26-41C2-B0F1-2CE9C8F86B01}
		{16C85DF8-5DE6-4A9F-9FC7-7CA5B0440DF3} = {5B1C5DF7-1F26-41C2-B0F1-2CE9C8F86B01}
		{3949790D-8591-4101-9E4D-CE7A758E7409} = {5B1C5DF7-1F26-41C2-B0F1-2CE9C8F86B01}
		{47FA1E7C-8C47-493D-A371-91A15D53BC95} = {227BAD97-BF45-4CF7-91A4-1ACAE33F915B}
		{562AC94F-60EA-4911-8C62-684F02867783} = {227BAD97-BF45-4CF7-91A4-1ACAE33F915B}
		{1DF1A588-33B1-4168-9487-604FE5680681} = {227BAD97-BF45-4CF7-91A4-1ACAE33F915B}
		{DE379EA9-D5BF-4750-88EF-F165A3CFC61B} = {37B13030-D878-4444-93A3-2442277FBD68}
		{C79B7F98-D2F7-4BFD-B4E0-CDC2012CCDD1} = {37B13030-D878-4444-93A3-2442277FBD68}
		{02A5F706-A9AC-46BE-A428-EA6F990D8E21} = {DE379EA9-D5BF-4750-88EF-F165A3CFC61B}
		{90409C3E-5B1F-43E1-A23E-F8729C095057} = {DE379EA9-D5BF-4750-88EF-F165A3CFC61B}
		{6F2452F5-BF16-4577-9C5A-85C8D7B5289D} = {DE379EA9-D5BF-4750-88EF-F165A3CFC61B}
		{7F4CE297-4A42-47A8-9A0A-74BA46B09891} = {90409C3E-5B1F-43E1-A23E-F8729C095057}
		{0E75BD4B-22A3-444D-8DA0-39FD33012C61} = {A05A4A40-626A-4BE4-8C08-45119D5A4FF2}
		{5C83EB83-7252-4CCF-AF69-034362CAB79B} = {B22686D7-CADD-4660-84D4-05E1E5C0F240}
		{2E583D11-21F9-4C94-96E9-58359C99FEF6} = {3C243356-802B-42A0-BC48-0741E829C864}
		{E5D51211-1C75-4272-B0E7-114B1776C00E} = {DB167996-7841-4EB1-BA5C-09F59BCDE680}
		{67ECD6DC-B28B-44B9-9745-C356F37FEC0E} = {AEAA9923-2DAF-4B7C-BD01-C205DC304C67}
		{F8316DF2-1C9E-4C5B-99D3-D1366CE8FAAC} = {7DEB4848-5BAE-463F-AA82-D0115E891F7E}
		{1AD92031-8B3A-4BED-81EB-8A92B3B3D033} = {00CD2124-47A4-448F-AE5F-5E5BA872AEF8}
		{6679ECB9-6D8E-4195-827B-AFA73D763D85} = {99DF88D5-038E-482C-A852-FBCE17C9C44F}
		{2EA36174-FB21-474F-A8EB-33C7039B65DA} = {99DF88D5-038E-482C-A852-FBCE17C9C44F}
		{D807CAC3-EF54-4D6F-886E-04BDE4DA0D78} = {999F075D-5B9A-49B6-961A-2414A24BD16F}
	EndGlobalSection
EndGlobal
